<?xml version="1.0" encoding="utf-8"?>
<Project ToolsVersion="4.0" xmlns="http://schemas.microsoft.com/developer/msbuild/2003">
  <ItemGroup>
    <Filter Include="Mod">
      <UniqueIdentifier>{c1e3f7e3-ff8c-4565-929e-e3a423cadcbe}</UniqueIdentifier>
    </Filter>
    <Filter Include="Mod\NPLCAD">
      <UniqueIdentifier>{6f496cf8-66e3-426f-a6a6-59a51e878ef4}</UniqueIdentifier>
    </Filter>
    <Filter Include="script">
      <UniqueIdentifier>{b222ac34-033e-4bea-b4af-0aae437fe593}</UniqueIdentifier>
    </Filter>
    <Filter Include="script\apps">
      <UniqueIdentifier>{974d1a5d-a5bf-494c-9b68-3d526544d39f}</UniqueIdentifier>
    </Filter>
    <Filter Include="script\apps\WebServer">
      <UniqueIdentifier>{9a089679-9051-49b3-ba3a-9e0af2c0b4e4}</UniqueIdentifier>
    </Filter>
    <Filter Include="script\apps\WebServer\admin">
      <UniqueIdentifier>{c9e1ae98-0ef6-49f4-8502-7a2c0631f20a}</UniqueIdentifier>
    </Filter>
    <Filter Include="script\apps\WebServer\admin\wp-content">
      <UniqueIdentifier>{531f914d-eebf-4cec-a0b0-e21f9199d24b}</UniqueIdentifier>
    </Filter>
    <Filter Include="script\apps\WebServer\admin\wp-content\pages">
      <UniqueIdentifier>{ac66bc3c-6795-4306-a1ee-607979bf2762}</UniqueIdentifier>
    </Filter>
    <Filter Include="script\apps\WebServer\admin\wp-content\pages\nplcad">
      <UniqueIdentifier>{b2b4ad45-27a9-4a26-af14-22ee0c63beca}</UniqueIdentifier>
    </Filter>
    <Filter Include="script\apps\WebServer\admin\wp-content\pages\nplcad\controllers">
      <UniqueIdentifier>{8bb4d692-61df-4498-8487-bfdd1cc41c16}</UniqueIdentifier>
    </Filter>
    <Filter Include="script\apps\WebServer\admin\wp-content\pages\nplcad\js">
      <UniqueIdentifier>{e890e579-7f7f-4de1-ba06-390ce4e8866a}</UniqueIdentifier>
    </Filter>
    <Filter Include="script\apps\WebServer\admin\wp-content\pages\nplcad\js\libs">
      <UniqueIdentifier>{f51f550d-3982-48b2-b49f-8081d36f27d3}</UniqueIdentifier>
    </Filter>
    <Filter Include="script\apps\WebServer\admin\wp-content\pages\nplcad\js\controls">
      <UniqueIdentifier>{590b3af1-7c64-46a4-870b-f27b91c997d6}</UniqueIdentifier>
    </Filter>
    <Filter Include="script\apps\WebServer\admin\wp-content\pages\nplcad\assets">
      <UniqueIdentifier>{8cd4a4de-3bc0-4496-918d-dbba0eb11eec}</UniqueIdentifier>
    </Filter>
    <Filter Include="script\apps\WebServer\admin\wp-content\pages\nplcad\assets\css">
      <UniqueIdentifier>{189a8339-6071-4106-b43a-f1be271ee785}</UniqueIdentifier>
    </Filter>
    <Filter Include="script\apps\WebServer\admin\wp-content\pages\nplcad\templates">
      <UniqueIdentifier>{3d848f5e-a9ed-4b69-954d-5b4f8fb51724}</UniqueIdentifier>
    </Filter>
    <Filter Include="Mod\NPLCAD\core">
      <UniqueIdentifier>{37204019-bfbd-4152-98e3-f8654c1cd75a}</UniqueIdentifier>
    </Filter>
    <Filter Include="Mod\NPLCAD\test">
      <UniqueIdentifier>{a4a8a01a-ef06-4973-bb2b-9a03ccd4e552}</UniqueIdentifier>
    </Filter>
    <Filter Include="Mod\NPLCAD\drawables">
      <UniqueIdentifier>{1b32ce8a-54ff-421d-97a0-c5faeddbf86f}</UniqueIdentifier>
    </Filter>
    <Filter Include="Mod\NPLCAD\doms">
      <UniqueIdentifier>{6b5a6bc3-71bc-4dfe-928f-0545441753f0}</UniqueIdentifier>
    </Filter>
    <Filter Include="Mod\NPLCAD\services">
      <UniqueIdentifier>{d70d179a-b814-40bd-b175-846cbff6735d}</UniqueIdentifier>
    </Filter>
  </ItemGroup>
  <ItemGroup>
    <None Include="script\apps\WebServer\admin\wp-content\pages\nplcad\app.js">
      <Filter>script\apps\WebServer\admin\wp-content\pages\nplcad</Filter>
    </None>
    <None Include="script\apps\WebServer\admin\wp-content\pages\nplcad\controllers\nplcadController.js">
      <Filter>script\apps\WebServer\admin\wp-content\pages\nplcad\controllers</Filter>
    </None>
    <None Include="script\apps\WebServer\admin\wp-content\pages\nplcad\js\Editor.js">
      <Filter>script\apps\WebServer\admin\wp-content\pages\nplcad\js</Filter>
    </None>
    <None Include="script\apps\WebServer\admin\wp-content\pages\nplcad\js\Viewport.Info.js">
      <Filter>script\apps\WebServer\admin\wp-content\pages\nplcad\js</Filter>
    </None>
    <None Include="script\apps\WebServer\admin\wp-content\pages\nplcad\js\Viewport.js">
      <Filter>script\apps\WebServer\admin\wp-content\pages\nplcad\js</Filter>
    </None>
    <None Include="script\apps\WebServer\admin\wp-content\pages\nplcad\js\controls\EditorControls.js">
      <Filter>script\apps\WebServer\admin\wp-content\pages\nplcad\js\controls</Filter>
    </None>
    <None Include="script\apps\WebServer\admin\wp-content\pages\nplcad\js\controls\TransformControls.js">
      <Filter>script\apps\WebServer\admin\wp-content\pages\nplcad\js\controls</Filter>
    </None>
    <None Include="script\apps\WebServer\admin\wp-content\pages\nplcad\js\libs\signals.min.js">
      <Filter>script\apps\WebServer\admin\wp-content\pages\nplcad\js\libs</Filter>
    </None>
    <None Include="script\apps\WebServer\admin\wp-content\pages\nplcad\js\libs\three.min.js">
      <Filter>script\apps\WebServer\admin\wp-content\pages\nplcad\js\libs</Filter>
    </None>
    <None Include="script\apps\WebServer\admin\wp-content\pages\nplcad\js\libs\ui.js">
      <Filter>script\apps\WebServer\admin\wp-content\pages\nplcad\js\libs</Filter>
    </None>
    <None Include="script\apps\WebServer\admin\wp-content\pages\nplcad\js\libs\ui.three.js">
      <Filter>script\apps\WebServer\admin\wp-content\pages\nplcad\js\libs</Filter>
    </None>
    <None Include="script\apps\WebServer\admin\wp-content\pages\nplcad\assets\css\dark.css">
      <Filter>script\apps\WebServer\admin\wp-content\pages\nplcad\assets\css</Filter>
    </None>
    <None Include="script\apps\WebServer\admin\wp-content\pages\nplcad\assets\css\light.css">
      <Filter>script\apps\WebServer\admin\wp-content\pages\nplcad\assets\css</Filter>
    </None>
    <None Include="script\apps\WebServer\admin\wp-content\pages\nplcad\assets\css\main.css">
      <Filter>script\apps\WebServer\admin\wp-content\pages\nplcad\assets\css</Filter>
    </None>
    <None Include="script\apps\WebServer\admin\wp-content\pages\nplcad\js\libs\FileSaver.min.js">
      <Filter>script\apps\WebServer\admin\wp-content\pages\nplcad\js\libs</Filter>
    </None>
    <None Include="script\apps\WebServer\admin\wp-content\pages\nplcad\js\libs\STLExporter.js">
      <Filter>script\apps\WebServer\admin\wp-content\pages\nplcad\js\libs</Filter>
    </None>
    <None Include="script\apps\WebServer\admin\wp-content\pages\nplcad.page">
      <Filter>script\apps\WebServer\admin\wp-content\pages</Filter>
    </None>
    <None Include="script\apps\WebServer\admin\wp-content\pages\nplcad\templates\nplcadTemplate.html">
      <Filter>script\apps\WebServer\admin\wp-content\pages\nplcad\templates</Filter>
    </None>
    <None Include="Mod\NPLCAD\core\Drawable.lua">
      <Filter>Mod\NPLCAD\core</Filter>
    </None>
    <None Include="Mod\NPLCAD\core\Node.lua">
      <Filter>Mod\NPLCAD\core</Filter>
    </None>
    <None Include="Mod\NPLCAD\core\Scene.lua">
      <Filter>Mod\NPLCAD\core</Filter>
    </None>
    <None Include="Mod\NPLCAD\core\Transform.lua">
      <Filter>Mod\NPLCAD\core</Filter>
    </None>
    <None Include="Mod\NPLCAD\test\TestTransform.lua">
      <Filter>Mod\NPLCAD\test</Filter>
    </None>
    <None Include="Mod\NPLCAD\drawables\CSGModel.lua">
      <Filter>Mod\NPLCAD\drawables</Filter>
    </None>
    <None Include="Mod\NPLCAD\doms\DomCSGModel.lua">
      <Filter>Mod\NPLCAD\doms</Filter>
    </None>
    <None Include="Mod\NPLCAD\doms\DomNode.lua">
      <Filter>Mod\NPLCAD\doms</Filter>
    </None>
    <None Include="Mod\NPLCAD\doms\DomScene.lua">
      <Filter>Mod\NPLCAD\doms</Filter>
    </None>
    <None Include="Mod\NPLCAD\doms\DomBase.lua">
      <Filter>Mod\NPLCAD\doms</Filter>
    </None>
    <None Include="Mod\NPLCAD\test\TestCad.xml">
      <Filter>Mod\NPLCAD\test</Filter>
    </None>
    <None Include="Mod\NPLCAD\doms\DomParser.lua">
      <Filter>Mod\NPLCAD\doms</Filter>
    </None>
    <None Include="Mod\NPLCAD\test\Test.lua">
      <Filter>Mod\NPLCAD\test</Filter>
    </None>
    <None Include="Mod\NPLCAD\services\CSGService.lua">
      <Filter>Mod\NPLCAD\services</Filter>
    </None>
    <None Include="Mod\NPLCAD\services\NplCadEnvironment.lua">
      <Filter>Mod\NPLCAD\services</Filter>
    </None>
  </ItemGroup>
</Project>